<?xml version="1.0" encoding="utf-8"?>
<Project ToolsVersion="4.0" xmlns="http://schemas.microsoft.com/developer/msbuild/2003">
  <ItemGroup>
    <Filter Include="소스 파일">
      <UniqueIdentifier>{4FC737F1-C7A5-4376-A066-2A32D752A2FF}</UniqueIdentifier>
      <Extensions>cpp;c;cc;cxx;def;odl;idl;hpj;bat;asm;asmx</Extensions>
    </Filter>
    <Filter Include="헤더 파일">
      <UniqueIdentifier>{93995380-89BD-4b04-88EB-625FBE52EBFB}</UniqueIdentifier>
      <Extensions>h;hh;hpp;hxx;hm;inl;inc;ipp;xsd</Extensions>
    </Filter>
    <Filter Include="리소스 파일">
      <UniqueIdentifier>{67DA6AB6-F800-4c08-8B7A-83BB121AAD01}</UniqueIdentifier>
      <Extensions>rc;ico;cur;bmp;dlg;rc2;rct;bin;rgs;gif;jpg;jpeg;jpe;resx;tiff;tif;png;wav;mfcribbon-ms</Extensions>
    </Filter>
  </ItemGroup>
  <ItemGroup>
    <ClCompile Include="testSource.cpp">
      <Filter>소스 파일</Filter>
    </ClCompile>
    <ClCompile Include="cardGame.cpp">
      <Filter>소스 파일</Filter>
    </ClCompile>
    <ClCompile Include="diceGame.cpp">
      <Filter>소스 파일</Filter>
    </ClCompile>
    <ClCompile Include="array3.cpp">
      <Filter>소스 파일</Filter>
    </ClCompile>
    <ClCompile Include="array1.cpp">
      <Filter>소스 파일</Filter>
    </ClCompile>
    <ClCompile Include="array2.cpp">
      <Filter>소스 파일</Filter>
    </ClCompile>
    <ClCompile Include="stringChagne.cpp">
      <Filter>소스 파일</Filter>
    </ClCompile>
    <ClCompile Include="string2.cpp">
      <Filter>소스 파일</Filter>
    </ClCompile>
    <ClCompile Include="string3.cpp">
      <Filter>소스 파일</Filter>
    </ClCompile>
    <ClCompile Include="string4.cpp">
      <Filter>소스 파일</Filter>
    </ClCompile>
    <ClCompile Include="string5.cpp">
      <Filter>소스 파일</Filter>
    </ClCompile>
    <ClCompile Include="lever3car.cpp">
      <Filter>소스 파일</Filter>
    </ClCompile>
    <ClCompile Include="eightnine.cpp">
      <Filter>소스 파일</Filter>
    </ClCompile>
    <ClCompile Include="lever3offset.cpp">
      <Filter>소스 파일</Filter>
    </ClCompile>
    <ClCompile Include="level3Box.cpp">
      <Filter>소스 파일</Filter>
    </ClCompile>
    <ClCompile Include="cource3macofarr.cpp">
      <Filter>소스 파일</Filter>
    </ClCompile>
    <ClCompile Include="corse3Chess.cpp">
      <Filter>소스 파일</Filter>
    </ClCompile>
    <ClCompile Include="course3Aattackrange.cpp">
      <Filter>소스 파일</Filter>
    </ClCompile>
    <ClCompile Include="stringPressior.cpp">
      <Filter>소스 파일</Filter>
    </ClCompile>
    <ClCompile Include="level3BoxMaing.cpp">
      <Filter>소스 파일</Filter>
    </ClCompile>
    <ClCompile Include="factorialBinary.cpp">
      <Filter>소스 파일</Filter>
    </ClCompile>
    <ClCompile Include="nextnum.cpp">
      <Filter>소스 파일</Filter>
    </ClCompile>
    <ClCompile Include="classpresident.cpp">
      <Filter>소스 파일</Filter>
    </ClCompile>
    <ClCompile Include="fibonacci.cpp">
      <Filter>소스 파일</Filter>
    </ClCompile>
    <ClCompile Include="test.cpp">
      <Filter>소스 파일</Filter>
    </ClCompile>
    <ClCompile Include="prosject.cpp">
      <Filter>소스 파일</Filter>
    </ClCompile>
    <ClCompile Include="stringadd.cpp">
      <Filter>소스 파일</Filter>
    </ClCompile>
    <ClCompile Include="test2.cpp">
      <Filter>소스 파일</Filter>
    </ClCompile>
    <ClCompile Include="colorpaper.cpp">
      <Filter>소스 파일</Filter>
    </ClCompile>
    <ClCompile Include="fractionsum.cpp">
      <Filter>소스 파일</Filter>
    </ClCompile>
    <ClCompile Include="represttValue.cpp">
      <Filter>소스 파일</Filter>
    </ClCompile>
    <ClCompile Include="stringMinus.cpp">
      <Filter>소스 파일</Filter>
    </ClCompile>
    <ClCompile Include="mine.cpp">
      <Filter>소스 파일</Filter>
    </ClCompile>
    <ClCompile Include="stringMultiple.cpp">
      <Filter>소스 파일</Filter>
    </ClCompile>
    <ClCompile Include="matrix1.cpp">
      <Filter>소스 파일</Filter>
    </ClCompile>
    <ClCompile Include="matrix2.cpp">
      <Filter>소스 파일</Filter>
    </ClCompile>
    <ClCompile Include="findprime.cpp">
      <Filter>소스 파일</Filter>
    </ClCompile>
    <ClCompile Include="beehive.cpp">
      <Filter>소스 파일</Filter>
    </ClCompile>
    <ClCompile Include="stringInclude.cpp">
      <Filter>소스 파일</Filter>
    </ClCompile>
    <ClCompile Include="combinational.cpp">
      <Filter>소스 파일</Filter>
    </ClCompile>
    <ClCompile Include="combinationzero.cpp">
      <Filter>소스 파일</Filter>
    </ClCompile>
    <ClCompile Include="streetree.cpp">
      <Filter>소스 파일</Filter>
    </ClCompile>
    <ClCompile Include="mountail.cpp">
      <Filter>소스 파일</Filter>
    </ClCompile>
    <ClCompile Include="soonyal.cpp">
      <Filter>소스 파일</Filter>
    </ClCompile>
    <ClCompile Include="pfactorization.cpp">
      <Filter>소스 파일</Filter>
    </ClCompile>
    <ClCompile Include="chebyshevtheo.cpp">
      <Filter>소스 파일</Filter>
    </ClCompile>
    <ClCompile Include="bingo.cpp">
      <Filter>소스 파일</Filter>
    </ClCompile>
    <ClCompile Include="division.cpp">
      <Filter>소스 파일</Filter>
    </ClCompile>
    <ClCompile Include="fmttalpha.cpp">
      <Filter>소스 파일</Filter>
    </ClCompile>
    <ClCompile Include="tobin.cpp">
      <Filter>소스 파일</Filter>
    </ClCompile>
    <ClCompile Include="numberBox.cpp">
      <Filter>소스 파일</Filter>
    </ClCompile>
    <ClCompile Include="numberCount.cpp">
      <Filter>소스 파일</Filter>
    </ClCompile>
    <ClCompile Include="tetris.cpp">
      <Filter>소스 파일</Filter>
    </ClCompile>
    <ClCompile Include="twoLiquid.cpp">
      <Filter>소스 파일</Filter>
    </ClCompile>
    <ClCompile Include="habbungSort.cpp">
      <Filter>소스 파일</Filter>
    </ClCompile>
    <ClCompile Include="quickSort.cpp">
      <Filter>소스 파일</Filter>
    </ClCompile>
    <ClCompile Include="dessert.cpp">
      <Filter>소스 파일</Filter>
    </ClCompile>
    <ClCompile Include="2chsicDap.cpp">
      <Filter>소스 파일</Filter>
    </ClCompile>
    <ClCompile Include="treeSlice.cpp">
      <Filter>소스 파일</Filter>
    </ClCompile>
    <ClCompile Include="nnDan.cpp">
      <Filter>소스 파일</Filter>
    </ClCompile>
    <ClCompile Include="stack.cpp">
      <Filter>소스 파일</Filter>
    </ClCompile>
  </ItemGroup>
</Project>