<?xml version="1.0" encoding="utf-8"?>
<Project ToolsVersion="4.0" xmlns="http://schemas.microsoft.com/developer/msbuild/2003">
  <ItemGroup>
    <Filter Include="소스 파일">
      <UniqueIdentifier>{4FC737F1-C7A5-4376-A066-2A32D752A2FF}</UniqueIdentifier>
      <Extensions>cpp;c;cc;cxx;def;odl;idl;hpj;bat;asm;asmx</Extensions>
    </Filter>
    <Filter Include="헤더 파일">
      <UniqueIdentifier>{93995380-89BD-4b04-88EB-625FBE52EBFB}</UniqueIdentifier>
      <Extensions>h;hh;hpp;hxx;hm;inl;inc;ipp;xsd</Extensions>
    </Filter>
    <Filter Include="리소스 파일">
      <UniqueIdentifier>{67DA6AB6-F800-4c08-8B7A-83BB121AAD01}</UniqueIdentifier>
      <Extensions>rc;ico;cur;bmp;dlg;rc2;rct;bin;rgs;gif;jpg;jpeg;jpe;resx;tiff;tif;png;wav;mfcribbon-ms</Extensions>
    </Filter>
  </ItemGroup>
  <ItemGroup>
    <ClCompile Include="testSource.cpp">
      <Filter>소스 파일</Filter>
    </ClCompile>
    <ClCompile Include="cardGame.cpp">
      <Filter>소스 파일</Filter>
    </ClCompile>
    <ClCompile Include="diceGame.cpp">
      <Filter>소스 파일</Filter>
    </ClCompile>
    <ClCompile Include="array3.cpp">
      <Filter>소스 파일</Filter>
    </ClCompile>
    <ClCompile Include="array1.cpp">
      <Filter>소스 파일</Filter>
    </ClCompile>
    <ClCompile Include="array2.cpp">
      <Filter>소스 파일</Filter>
    </ClCompile>
    <ClCompile Include="stringChagne.cpp">
      <Filter>소스 파일</Filter>
    </ClCompile>
    <ClCompile Include="string2.cpp">
      <Filter>소스 파일</Filter>
    </ClCompile>
    <ClCompile Include="string3.cpp">
      <Filter>소스 파일</Filter>
    </ClCompile>
    <ClCompile Include="string4.cpp">
      <Filter>소스 파일</Filter>
    </ClCompile>
    <ClCompile Include="string5.cpp">
      <Filter>소스 파일</Filter>
    </ClCompile>
    <ClCompile Include="lever3car.cpp">
      <Filter>소스 파일</Filter>
    </ClCompile>
    <ClCompile Include="eightnine.cpp">
      <Filter>소스 파일</Filter>
    </ClCompile>
    <ClCompile Include="lever3offset.cpp">
      <Filter>소스 파일</Filter>
    </ClCompile>
    <ClCompile Include="level3Box.cpp">
      <Filter>소스 파일</Filter>
    </ClCompile>
    <ClCompile Include="cource3macofarr.cpp">
      <Filter>소스 파일</Filter>
    </ClCompile>
    <ClCompile Include="corse3Chess.cpp">
      <Filter>소스 파일</Filter>
    </ClCompile>
    <ClCompile Include="course3Aattackrange.cpp">
      <Filter>소스 파일</Filter>
    </ClCompile>
    <ClCompile Include="stringPressior.cpp">
      <Filter>소스 파일</Filter>
    </ClCompile>
    <ClCompile Include="level3BoxMaing.cpp">
      <Filter>소스 파일</Filter>
    </ClCompile>
    <ClCompile Include="factorialBinary.cpp">
      <Filter>소스 파일</Filter>
    </ClCompile>
    <ClCompile Include="nextnum.cpp">
      <Filter>소스 파일</Filter>
    </ClCompile>
    <ClCompile Include="classpresident.cpp">
      <Filter>소스 파일</Filter>
    </ClCompile>
    <ClCompile Include="fibonacci.cpp">
      <Filter>소스 파일</Filter>
    </ClCompile>
    <ClCompile Include="test.cpp">
      <Filter>소스 파일</Filter>
    </ClCompile>
    <ClCompile Include="prosject.cpp">
      <Filter>소스 파일</Filter>
    </ClCompile>
    <ClCompile Include="stringadd.cpp">
      <Filter>소스 파일</Filter>
    </ClCompile>
    <ClCompile Include="test2.cpp">
      <Filter>소스 파일</Filter>
    </ClCompile>
    <ClCompile Include="colorpaper.cpp">
      <Filter>소스 파일</Filter>
    </ClCompile>
    <ClCompile Include="fractionsum.cpp">
      <Filter>소스 파일</Filter>
    </ClCompile>
    <ClCompile Include="represttValue.cpp">
      <Filter>소스 파일</Filter>
    </ClCompile>
    <ClCompile Include="stringMinus.cpp">
      <Filter>소스 파일</Filter>
    </ClCompile>
    <ClCompile Include="mine.cpp">
      <Filter>소스 파일</Filter>
    </ClCompile>
    <ClCompile Include="stringMultiple.cpp">
      <Filter>소스 파일</Filter>
    </ClCompile>
    <ClCompile Include="matrix1.cpp">
      <Filter>소스 파일</Filter>
    </ClCompile>
    <ClCompile Include="matrix2.cpp">
      <Filter>소스 파일</Filter>
    </ClCompile>
    <ClCompile Include="findprime.cpp">
      <Filter>소스 파일</Filter>
    </ClCompile>
    <ClCompile Include="beehive.cpp">
      <Filter>소스 파일</Filter>
    </ClCompile>
    <ClCompile Include="stringInclude.cpp">
      <Filter>소스 파일</Filter>
    </ClCompile>
    <ClCompile Include="combinational.cpp">
      <Filter>소스 파일</Filter>
    </ClCompile>
    <ClCompile Include="combinationzero.cpp">
      <Filter>소스 파일</Filter>
    </ClCompile>
    <ClCompile Include="streetree.cpp">
      <Filter>소스 파일</Filter>
    </ClCompile>
    <ClCompile Include="mountail.cpp">
      <Filter>소스 파일</Filter>
    </ClCompile>
    <ClCompile Include="soonyal.cpp">
      <Filter>소스 파일</Filter>
    </ClCompile>
    <ClCompile Include="pfactorization.cpp">
      <Filter>소스 파일</Filter>
    </ClCompile>
    <ClCompile Include="chebyshevtheo.cpp">
      <Filter>소스 파일</Filter>
    </ClCompile>
    <ClCompile Include="bingo.cpp">
      <Filter>소스 파일</Filter>
    </ClCompile>
    <ClCompile Include="division.cpp">
      <Filter>소스 파일</Filter>
    </ClCompile>
    <ClCompile Include="fmttalpha.cpp">
      <Filter>소스 파일</Filter>
    </ClCompile>
    <ClCompile Include="tobin.cpp">
      <Filter>소스 파일</Filter>
    </ClCompile>
    <ClCompile Include="numberBox.cpp">
      <Filter>소스 파일</Filter>
    </ClCompile>
    <ClCompile Include="numberCount.cpp">
      <Filter>소스 파일</Filter>
    </ClCompile>
    <ClCompile Include="tetris.cpp">
      <Filter>소스 파일</Filter>
    </ClCompile>
    <ClCompile Include="twoLiquid.cpp">
      <Filter>소스 파일</Filter>
    </ClCompile>
    <ClCompile Include="habbungSort.cpp">
      <Filter>소스 파일</Filter>
    </ClCompile>
    <ClCompile Include="quickSort.cpp">
      <Filter>소스 파일</Filter>
    </ClCompile>
    <ClCompile Include="dessert.cpp">
      <Filter>소스 파일</Filter>
    </ClCompile>
    <ClCompile Include="2chsicDap.cpp">
      <Filter>소스 파일</Filter>
    </ClCompile>
    <ClCompile Include="treeSlice.cpp">
      <Filter>소스 파일</Filter>
    </ClCompile>
    <ClCompile Include="nnDan.cpp">
      <Filter>소스 파일</Filter>
    </ClCompile>
    <ClCompile Include="stack.cpp">
      <Filter>소스 파일</Filter>
    </ClCompile>
    <ClCompile Include="que.cpp">
      <Filter>소스 파일</Filter>
    </ClCompile>
    <ClCompile Include="circleQue.cpp">
      <Filter>소스 파일</Filter>
    </ClCompile>
    <ClCompile Include="seat.cpp">
      <Filter>소스 파일</Filter>
    </ClCompile>
    <ClCompile Include="stackplate.cpp">
      <Filter>소스 파일</Filter>
    </ClCompile>
    <ClCompile Include="stackParenthesis.cpp">
      <Filter>소스 파일</Filter>
    </ClCompile>
    <ClCompile Include="basballGame.cpp">
      <Filter>소스 파일</Filter>
    </ClCompile>
    <ClCompile Include="binarytree.cpp">
      <Filter>소스 파일</Filter>
    </ClCompile>
    <ClCompile Include="priorityQue.cpp">
      <Filter>소스 파일</Filter>
    </ClCompile>
    <ClCompile Include="test3.cpp">
      <Filter>소스 파일</Filter>
    </ClCompile>
    <ClCompile Include="test4.cpp">
      <Filter>소스 파일</Filter>
    </ClCompile>
    <ClCompile Include="test5.cpp">
      <Filter>소스 파일</Filter>
    </ClCompile>
    <ClCompile Include="divideAndConquer.cpp">
      <Filter>소스 파일</Filter>
    </ClCompile>
    <ClCompile Include="dynamicAlgorithm.cpp">
      <Filter>소스 파일</Filter>
    </ClCompile>
    <ClCompile Include="test6.cpp">
      <Filter>소스 파일</Filter>
    </ClCompile>
    <ClCompile Include="commonJosang.cpp">
      <Filter>소스 파일</Filter>
    </ClCompile>
    <ClCompile Include="treeHigh.cpp">
      <Filter>소스 파일</Filter>
    </ClCompile>
    <ClCompile Include="treesDistance.cpp">
      <Filter>소스 파일</Filter>
    </ClCompile>
    <ClCompile Include="power.cpp">
      <Filter>소스 파일</Filter>
    </ClCompile>
    <ClCompile Include="temp.cpp">
      <Filter>소스 파일</Filter>
    </ClCompile>
    <ClCompile Include="inequal.cpp">
      <Filter>소스 파일</Filter>
    </ClCompile>
    <ClCompile Include="goodseq.cpp">
      <Filter>소스 파일</Filter>
    </ClCompile>
    <ClCompile Include="overlapNoSeciton.cpp">
      <Filter>소스 파일</Filter>
    </ClCompile>
    <ClCompile Include="Adjacent list.cpp">
      <Filter>소스 파일</Filter>
    </ClCompile>
    <ClCompile Include="Adjacent matrix .cpp">
      <Filter>소스 파일</Filter>
    </ClCompile>
    <ClCompile Include="continuesMaxValue.cpp">
      <Filter>소스 파일</Filter>
    </ClCompile>
    <ClCompile Include="continuesMaxValue2.cpp">
      <Filter>소스 파일</Filter>
    </ClCompile>
    <ClCompile Include="stackParentthesis.cpp">
      <Filter>소스 파일</Filter>
    </ClCompile>
    <ClCompile Include="treeDistance2.cpp">
      <Filter>소스 파일</Filter>
    </ClCompile>
    <ClCompile Include="sectionUnion.cpp">
      <Filter>소스 파일</Filter>
    </ClCompile>
    <ClCompile Include="dfs.cpp">
      <Filter>소스 파일</Filter>
    </ClCompile>
    <ClCompile Include="test7.cpp">
      <Filter>소스 파일</Filter>
    </ClCompile>
    <ClCompile Include="bfs.cpp">
      <Filter>소스 파일</Filter>
    </ClCompile>
    <ClCompile Include="top.cpp">
      <Filter>소스 파일</Filter>
    </ClCompile>
    <ClCompile Include="numberMake.cpp">
      <Filter>소스 파일</Filter>
    </ClCompile>
    <ClCompile Include="test2-1.cpp">
      <Filter>소스 파일</Filter>
    </ClCompile>
    <ClCompile Include="test2-2.cpp">
      <Filter>소스 파일</Filter>
    </ClCompile>
    <ClCompile Include="test2-3.cpp">
      <Filter>소스 파일</Filter>
    </ClCompile>
    <ClCompile Include="test2-4.cpp">
      <Filter>소스 파일</Filter>
    </ClCompile>
    <ClCompile Include="test2_5.cpp">
      <Filter>소스 파일</Filter>
    </ClCompile>
    <ClCompile Include="test2-6.cpp">
      <Filter>소스 파일</Filter>
    </ClCompile>
    <ClCompile Include="test2-7.cpp">
      <Filter>소스 파일</Filter>
    </ClCompile>
    <ClCompile Include="test2-8.cpp">
      <Filter>소스 파일</Filter>
    </ClCompile>
    <ClCompile Include="rectangle.cpp">
      <Filter>소스 파일</Filter>
    </ClCompile>
    <ClCompile Include="dfsAndBfs.cpp">
      <Filter>소스 파일</Filter>
    </ClCompile>
    <ClCompile Include="2colorMake.cpp">
      <Filter>소스 파일</Filter>
    </ClCompile>
    <ClCompile Include="beadGame.cpp">
      <Filter>소스 파일</Filter>
    </ClCompile>
    <ClCompile Include="airFresh.cpp">
      <Filter>소스 파일</Filter>
    </ClCompile>
    <ClCompile Include="cardGamecpp.cpp">
      <Filter>소스 파일</Filter>
    </ClCompile>
    <ClCompile Include="2colorMakeBfs.cpp">
      <Filter>소스 파일</Filter>
    </ClCompile>
    <ClCompile Include="twoGraphDfs.cpp">
      <Filter>소스 파일</Filter>
    </ClCompile>
    <ClCompile Include="twoGraphBfs.cpp">
      <Filter>소스 파일</Filter>
    </ClCompile>
    <ClCompile Include="warmBirusDfs.cpp">
      <Filter>소스 파일</Filter>
    </ClCompile>
    <ClCompile Include="warmBirusBfs.cpp">
      <Filter>소스 파일</Filter>
    </ClCompile>
    <ClCompile Include="numberAttack.cpp">
      <Filter>소스 파일</Filter>
    </ClCompile>
    <ClCompile Include="numberAttackBfs.cpp">
      <Filter>소스 파일</Filter>
    </ClCompile>
    <ClCompile Include="test3-1cpp.cpp">
      <Filter>소스 파일</Filter>
    </ClCompile>
    <ClCompile Include="test3-2.cpp">
      <Filter>소스 파일</Filter>
    </ClCompile>
    <ClCompile Include="test3-3.cpp">
      <Filter>소스 파일</Filter>
    </ClCompile>
    <ClCompile Include="test3-4.cpp">
      <Filter>소스 파일</Filter>
    </ClCompile>
    <ClCompile Include="test3-5.cpp">
      <Filter>소스 파일</Filter>
    </ClCompile>
    <ClCompile Include="onedimensionLageMove.cpp">
      <Filter>소스 파일</Filter>
    </ClCompile>
    <ClCompile Include="twoDimensionLargeMove.cpp">
      <Filter>소스 파일</Filter>
    </ClCompile>
    <ClCompile Include="moveAlgorithm2.cpp">
      <Filter>소스 파일</Filter>
    </ClCompile>
    <ClCompile Include="mirrorFind.cpp">
      <Filter>소스 파일</Filter>
    </ClCompile>
    <ClCompile Include="oddCarcurator.cpp">
      <Filter>소스 파일</Filter>
    </ClCompile>
    <ClCompile Include="diseaseBfs.cpp">
      <Filter>소스 파일</Filter>
    </ClCompile>
    <ClCompile Include="carpenterMirrorEscapeBfs.cpp">
      <Filter>소스 파일</Filter>
    </ClCompile>
    <ClCompile Include="test3-6.cpp">
      <Filter>소스 파일</Filter>
    </ClCompile>
    <ClCompile Include="examTest1.cpp">
      <Filter>소스 파일</Filter>
    </ClCompile>
    <ClCompile Include="examTest2.cpp">
      <Filter>소스 파일</Filter>
    </ClCompile>
    <ClCompile Include="examTest3.cpp">
      <Filter>소스 파일</Filter>
    </ClCompile>
    <ClCompile Include="swPractice1Cheeze.cpp">
      <Filter>소스 파일</Filter>
    </ClCompile>
    <ClCompile Include="swPractice2Robot.cpp">
      <Filter>소스 파일</Filter>
    </ClCompile>
    <ClCompile Include="swPractice3Tomato.cpp">
      <Filter>소스 파일</Filter>
    </ClCompile>
    <ClCompile Include="swPractice4SLIKARcpp.cpp">
      <Filter>소스 파일</Filter>
    </ClCompile>
    <ClCompile Include="swPractice5ICEBERG.cpp">
      <Filter>소스 파일</Filter>
    </ClCompile>
    <ClCompile Include="test4-1.cpp">
      <Filter>소스 파일</Filter>
    </ClCompile>
    <ClCompile Include="test4-2.cpp">
      <Filter>소스 파일</Filter>
    </ClCompile>
    <ClCompile Include="test4-3.cpp">
      <Filter>소스 파일</Filter>
    </ClCompile>
    <ClCompile Include="test4-4.cpp">
      <Filter>소스 파일</Filter>
    </ClCompile>
    <ClCompile Include="test4-5.cpp">
      <Filter>소스 파일</Filter>
    </ClCompile>
    <ClCompile Include="test4-6.cpp">
      <Filter>소스 파일</Filter>
    </ClCompile>
    <ClCompile Include="test4-7.cpp">
      <Filter>소스 파일</Filter>
    </ClCompile>
    <ClCompile Include="swPractice1.cpp">
      <Filter>소스 파일</Filter>
    </ClCompile>
    <ClCompile Include="moveAlgorithm3.cpp">
      <Filter>소스 파일</Filter>
    </ClCompile>
    <ClCompile Include="moveAlgorithm4.cpp">
      <Filter>소스 파일</Filter>
    </ClCompile>
    <ClCompile Include="test5-1cpp.cpp">
      <Filter>소스 파일</Filter>
    </ClCompile>
    <ClCompile Include="test5-2.cpp">
      <Filter>소스 파일</Filter>
    </ClCompile>
    <ClCompile Include="test5-3.cpp">
      <Filter>소스 파일</Filter>
    </ClCompile>
    <ClCompile Include="test5-4cpp.cpp">
      <Filter>소스 파일</Filter>
    </ClCompile>
    <ClCompile Include="test5-5.cpp">
      <Filter>소스 파일</Filter>
    </ClCompile>
    <ClCompile Include="test5-6.cpp">
      <Filter>소스 파일</Filter>
    </ClCompile>
    <ClCompile Include="test5-7.cpp">
      <Filter>소스 파일</Filter>
    </ClCompile>
    <ClCompile Include="swPractice2.cpp">
      <Filter>소스 파일</Filter>
    </ClCompile>
    <ClCompile Include="swPractice3.cpp">
      <Filter>소스 파일</Filter>
    </ClCompile>
  </ItemGroup>
</Project>